
Microsoft Visual Studio Solution File, Format Version 12.00
# Visual Studio Version 17
VisualStudioVersion = 17.14.36401.2 d17.14
MinimumVisualStudioVersion = 10.0.40219.1
Project("{FAE04EC0-301F-11D3-BF4B-00C04F79EFBC}") = "Tutorial_2_3", "Tutorial_2_3\Tutorial_2_3.csproj", "{15DD2693-EC34-4F4B-9845-3ED289D661E6}"
EndProject
Global
	GlobalSection(SolutionConfigurationPlatforms) = preSolution
		Debug|Any CPU = Debug|Any CPU
		Release|Any CPU = Release|Any CPU
	EndGlobalSection
	GlobalSection(ProjectConfigurationPlatforms) = postSolution
		{15DD2693-EC34-4F4B-9845-3ED289D661E6}.Debug|Any CPU.ActiveCfg = Debug|Any CPU
		{15DD2693-EC34-4F4B-9845-3ED289D661E6}.Debug|Any CPU.Build.0 = Debug|Any CPU
		{15DD2693-EC34-4F4B-9845-3ED289D661E6}.Release|Any CPU.ActiveCfg = Release|Any CPU
		{15DD2693-EC34-4F4B-9845-3ED289D661E6}.Release|Any CPU.Build.0 = Release|Any CPU
	EndGlobalSection
	GlobalSection(SolutionProperties) = preSolution
		HideSolutionNode = FALSE
	EndGlobalSection
	GlobalSection(ExtensibilityGlobals) = postSolution
		SolutionGuid = {DD912F9D-389F-47F9-8CDA-D0A883C7EADB}
	EndGlobalSection
EndGlobal
