
Microsoft Visual Studio Solution File, Format Version 12.00
# Visual Studio Version 17
VisualStudioVersion = 17.14.36401.2 d17.14
MinimumVisualStudioVersion = 10.0.40219.1
Project("{FAE04EC0-301F-11D3-BF4B-00C04F79EFBC}") = "How Much Insurance", "How Much Insurance\How Much Insurance.csproj", "{06C9F2FD-B777-4F12-A76A-C8FE390D6BED}"
EndProject
Global
	GlobalSection(SolutionConfigurationPlatforms) = preSolution
		Debug|Any CPU = Debug|Any CPU
		Release|Any CPU = Release|Any CPU
	EndGlobalSection
	GlobalSection(ProjectConfigurationPlatforms) = postSolution
		{06C9F2FD-B777-4F12-A76A-C8FE390D6BED}.Debug|Any CPU.ActiveCfg = Debug|Any CPU
		{06C9F2FD-B777-4F12-A76A-C8FE390D6BED}.Debug|Any CPU.Build.0 = Debug|Any CPU
		{06C9F2FD-B777-4F12-A76A-C8FE390D6BED}.Release|Any CPU.ActiveCfg = Release|Any CPU
		{06C9F2FD-B777-4F12-A76A-C8FE390D6BED}.Release|Any CPU.Build.0 = Release|Any CPU
	EndGlobalSection
	GlobalSection(SolutionProperties) = preSolution
		HideSolutionNode = FALSE
	EndGlobalSection
	GlobalSection(ExtensibilityGlobals) = postSolution
		SolutionGuid = {2E3B5507-D5BB-4367-8C46-856E2C9C3070}
	EndGlobalSection
EndGlobal
