
Microsoft Visual Studio Solution File, Format Version 12.00
# Visual Studio Version 17
VisualStudioVersion = 17.14.36401.2 d17.14
MinimumVisualStudioVersion = 10.0.40219.1
Project("{FAE04EC0-301F-11D3-BF4B-00C04F79EFBC}") = "Tuorial_2_5", "Tuorial_2_5\Tuorial_2_5.csproj", "{ECE11B1A-5073-4620-9C5E-0CEDA05AE2A8}"
EndProject
Global
	GlobalSection(SolutionConfigurationPlatforms) = preSolution
		Debug|Any CPU = Debug|Any CPU
		Release|Any CPU = Release|Any CPU
	EndGlobalSection
	GlobalSection(ProjectConfigurationPlatforms) = postSolution
		{ECE11B1A-5073-4620-9C5E-0CEDA05AE2A8}.Debug|Any CPU.ActiveCfg = Debug|Any CPU
		{ECE11B1A-5073-4620-9C5E-0CEDA05AE2A8}.Debug|Any CPU.Build.0 = Debug|Any CPU
		{ECE11B1A-5073-4620-9C5E-0CEDA05AE2A8}.Release|Any CPU.ActiveCfg = Release|Any CPU
		{ECE11B1A-5073-4620-9C5E-0CEDA05AE2A8}.Release|Any CPU.Build.0 = Release|Any CPU
	EndGlobalSection
	GlobalSection(SolutionProperties) = preSolution
		HideSolutionNode = FALSE
	EndGlobalSection
	GlobalSection(ExtensibilityGlobals) = postSolution
		SolutionGuid = {CAA08EF6-0C1F-4BB2-B27C-9D068B7E9B45}
	EndGlobalSection
EndGlobal
