
Microsoft Visual Studio Solution File, Format Version 12.00
# Visual Studio Version 17
VisualStudioVersion = 17.14.36518.9 d17.14
MinimumVisualStudioVersion = 10.0.40219.1
Project("{FAE04EC0-301F-11D3-BF4B-00C04F79EFBC}") = "Cookie Calories", "Cookie Calories\Cookie Calories.csproj", "{40071574-4C6A-41F6-A527-2C79C661ECCB}"
EndProject
Global
	GlobalSection(SolutionConfigurationPlatforms) = preSolution
		Debug|Any CPU = Debug|Any CPU
		Release|Any CPU = Release|Any CPU
	EndGlobalSection
	GlobalSection(ProjectConfigurationPlatforms) = postSolution
		{40071574-4C6A-41F6-A527-2C79C661ECCB}.Debug|Any CPU.ActiveCfg = Debug|Any CPU
		{40071574-4C6A-41F6-A527-2C79C661ECCB}.Debug|Any CPU.Build.0 = Debug|Any CPU
		{40071574-4C6A-41F6-A527-2C79C661ECCB}.Release|Any CPU.ActiveCfg = Release|Any CPU
		{40071574-4C6A-41F6-A527-2C79C661ECCB}.Release|Any CPU.Build.0 = Release|Any CPU
	EndGlobalSection
	GlobalSection(SolutionProperties) = preSolution
		HideSolutionNode = FALSE
	EndGlobalSection
	GlobalSection(ExtensibilityGlobals) = postSolution
		SolutionGuid = {C2700EB1-78B3-4241-A8B5-20808E43FE70}
	EndGlobalSection
EndGlobal
