
Microsoft Visual Studio Solution File, Format Version 12.00
# Visual Studio Version 17
VisualStudioVersion = 17.14.36518.9
MinimumVisualStudioVersion = 10.0.40219.1
Project("{FAE04EC0-301F-11D3-BF4B-00C04F79EFBC}") = "Heads or Tails", "Tutorial_homework1\Heads or Tails.csproj", "{D1170398-66EC-4E50-88E6-9A37568F3703}"
EndProject
Global
	GlobalSection(SolutionConfigurationPlatforms) = preSolution
		Debug|Any CPU = Debug|Any CPU
		Release|Any CPU = Release|Any CPU
	EndGlobalSection
	GlobalSection(ProjectConfigurationPlatforms) = postSolution
		{D1170398-66EC-4E50-88E6-9A37568F3703}.Debug|Any CPU.ActiveCfg = Debug|Any CPU
		{D1170398-66EC-4E50-88E6-9A37568F3703}.Debug|Any CPU.Build.0 = Debug|Any CPU
		{D1170398-66EC-4E50-88E6-9A37568F3703}.Release|Any CPU.ActiveCfg = Release|Any CPU
		{D1170398-66EC-4E50-88E6-9A37568F3703}.Release|Any CPU.Build.0 = Release|Any CPU
	EndGlobalSection
	GlobalSection(SolutionProperties) = preSolution
		HideSolutionNode = FALSE
	EndGlobalSection
	GlobalSection(ExtensibilityGlobals) = postSolution
		SolutionGuid = {F536D81A-8AB1-4AFB-9CA6-711FF28FE3A3}
	EndGlobalSection
EndGlobal
